
Microsoft Visual Studio Solution File, Format Version 12.00
# Visual Studio Version 17
VisualStudioVersion = 17.4.33122.133
MinimumVisualStudioVersion = 10.0.40219.1
Project("{FAE04EC0-301F-11D3-BF4B-00C04F79EFBC}") = "HelpStockApp.Domain", "HelpStockApp.Domain\HelpStockApp.Domain.csproj", "{AE47A97E-0938-4DB9-BDD5-3C7CE5ED796C}"
EndProject
Global
	GlobalSection(SolutionConfigurationPlatforms) = preSolution
		Debug|Any CPU = Debug|Any CPU
		Release|Any CPU = Release|Any CPU
	EndGlobalSection
	GlobalSection(ProjectConfigurationPlatforms) = postSolution
		{AE47A97E-0938-4DB9-BDD5-3C7CE5ED796C}.Debug|Any CPU.ActiveCfg = Debug|Any CPU
		{AE47A97E-0938-4DB9-BDD5-3C7CE5ED796C}.Debug|Any CPU.Build.0 = Debug|Any CPU
		{AE47A97E-0938-4DB9-BDD5-3C7CE5ED796C}.Release|Any CPU.ActiveCfg = Release|Any CPU
		{AE47A97E-0938-4DB9-BDD5-3C7CE5ED796C}.Release|Any CPU.Build.0 = Release|Any CPU
	EndGlobalSection
	GlobalSection(SolutionProperties) = preSolution
		HideSolutionNode = FALSE
	EndGlobalSection
	GlobalSection(ExtensibilityGlobals) = postSolution
		SolutionGuid = {1D24A4C5-9903-4357-9736-343ABC187096}
	EndGlobalSection
EndGlobal
